
Microsoft Visual Studio Solution File, Format Version 12.00
# Visual Studio Version 17
VisualStudioVersion = 17.9.34728.123
MinimumVisualStudioVersion = 10.0.40219.1
Project("{FAE04EC0-301F-11D3-BF4B-00C04F79EFBC}") = "Forms", "TPI NET\Forms.csproj", "{708031F4-5330-47F9-A679-E192983ADD93}"
EndProject
Project("{FAE04EC0-301F-11D3-BF4B-00C04F79EFBC}") = "Dominio", "Dominio\Dominio.csproj", "{BCC000E8-F680-4B6E-B326-4E7DFF8AFB03}"
EndProject
Global
	GlobalSection(SolutionConfigurationPlatforms) = preSolution
		Debug|Any CPU = Debug|Any CPU
		Release|Any CPU = Release|Any CPU
	EndGlobalSection
	GlobalSection(ProjectConfigurationPlatforms) = postSolution
		{708031F4-5330-47F9-A679-E192983ADD93}.Debug|Any CPU.ActiveCfg = Debug|Any CPU
		{708031F4-5330-47F9-A679-E192983ADD93}.Debug|Any CPU.Build.0 = Debug|Any CPU
		{708031F4-5330-47F9-A679-E192983ADD93}.Release|Any CPU.ActiveCfg = Release|Any CPU
		{708031F4-5330-47F9-A679-E192983ADD93}.Release|Any CPU.Build.0 = Release|Any CPU
		{BCC000E8-F680-4B6E-B326-4E7DFF8AFB03}.Debug|Any CPU.ActiveCfg = Debug|Any CPU
		{BCC000E8-F680-4B6E-B326-4E7DFF8AFB03}.Debug|Any CPU.Build.0 = Debug|Any CPU
		{BCC000E8-F680-4B6E-B326-4E7DFF8AFB03}.Release|Any CPU.ActiveCfg = Release|Any CPU
		{BCC000E8-F680-4B6E-B326-4E7DFF8AFB03}.Release|Any CPU.Build.0 = Release|Any CPU
	EndGlobalSection
	GlobalSection(SolutionProperties) = preSolution
		HideSolutionNode = FALSE
	EndGlobalSection
	GlobalSection(ExtensibilityGlobals) = postSolution
		SolutionGuid = {7BCD2D9A-C9AC-407E-80E6-81EF43A32305}
	EndGlobalSection
EndGlobal
